<?xml version="1.0" encoding="utf-8"?>
<Project ToolsVersion="4.0" xmlns="http://schemas.microsoft.com/developer/msbuild/2003">
  <ItemGroup>
    <Filter Include="DirectX">
      <UniqueIdentifier>{c3b4646e-11d1-42af-ba74-3623212ce387}</UniqueIdentifier>
    </Filter>
  </ItemGroup>
  <ItemGroup>
    <ClCompile Include="App.cpp" />
    <ClCompile Include="Canvas.cpp" />
    <ClCompile Include="Direct3D9Canvas.cpp" />
    <ClCompile Include="GameMain.cpp" />
    <ClCompile Include="LiveVertex.cpp" />
    <ClCompile Include="Main.cpp" />
    <ClCompile Include="MainLoop.cpp" />
    <ClCompile Include="matrix4x4.cpp" />
    <ClCompile Include="Model.cpp" />
    <ClCompile Include="vector3.cpp" />
    <ClCompile Include="DirectInput.cpp">
      <Filter>DirectX</Filter>
    </ClCompile>
    <ClCompile Include="Direct3D9.cpp">
      <Filter>DirectX</Filter>
    </ClCompile>
    <ClCompile Include="Direct3D9Mesh.cpp">
      <Filter>DirectX</Filter>
    </ClCompile>
    <ClCompile Include="Camera.cpp" />
    <ClCompile Include="Stage.cpp" />
    <ClCompile Include="Util.cpp" />
    <ClCompile Include="Player.cpp" />
    <ClCompile Include="Direct3D9Box.cpp">
      <Filter>DirectX</Filter>
    </ClCompile>
    <ClCompile Include="DirectSound.cpp">
      <Filter>DirectX</Filter>
    </ClCompile>
    <ClCompile Include="DirectSoundBuffer.cpp">
      <Filter>DirectX</Filter>
    </ClCompile>
    <ClCompile Include="WaveFile.cpp" />
    <ClCompile Include="OggVorbisFile.cpp" />
    <ClCompile Include="Sound.cpp" />
    <ClCompile Include="SoundManager.cpp" />
    <ClCompile Include="StreamingSound.cpp" />
    <ClCompile Include="Input.cpp" />
  </ItemGroup>
  <ItemGroup>
    <ClInclude Include="App.h" />
    <ClInclude Include="Canvas.h" />
    <ClInclude Include="Color.h" />
    <ClInclude Include="Direct3D9Canvas.h" />
    <ClInclude Include="Face.h" />
    <ClInclude Include="GameMain.h" />
    <ClInclude Include="Line.h" />
    <ClInclude Include="LiveVertex.h" />
    <ClInclude Include="MainLoop.h" />
    <ClInclude Include="matrix4x4.h" />
    <ClInclude Include="Model.h" />
    <ClInclude Include="Type.h" />
    <ClInclude Include="vector3.h" />
    <ClInclude Include="DirectInput.h">
      <Filter>DirectX</Filter>
    </ClInclude>
    <ClInclude Include="Direct3D9Mesh.h">
      <Filter>DirectX</Filter>
    </ClInclude>
    <ClInclude Include="Direct3D9.h">
      <Filter>DirectX</Filter>
    </ClInclude>
    <ClInclude Include="Camera.h" />
    <ClInclude Include="Stage.h" />
    <ClInclude Include="Util.h" />
    <ClInclude Include="Player.h" />
    <ClInclude Include="Direct3D9Box.h">
      <Filter>DirectX</Filter>
    </ClInclude>
    <ClInclude Include="DirectSound.h">
      <Filter>DirectX</Filter>
    </ClInclude>
    <ClInclude Include="DirectSoundBuffer.h">
      <Filter>DirectX</Filter>
    </ClInclude>
    <ClInclude Include="WaveFile.h" />
    <ClInclude Include="OggVorbisFile.h" />
    <ClInclude Include="Sound.h" />
    <ClInclude Include="SoundManager.h" />
    <ClInclude Include="StreamingSound.h" />
    <ClInclude Include="DirectX.h">
      <Filter>DirectX</Filter>
    </ClInclude>
    <ClInclude Include="Input.h" />
  </ItemGroup>
</Project>