<?xml version="1.0" encoding="utf-8"?>
<Project ToolsVersion="4.0" xmlns="http://schemas.microsoft.com/developer/msbuild/2003">
  <ItemGroup>
    <ClCompile Include="Main.cpp" />
    <ClCompile Include="DrawingModel.cpp">
      <Filter>Drawing</Filter>
    </ClCompile>
    <ClCompile Include="DrawingModelManager.cpp">
      <Filter>Drawing</Filter>
    </ClCompile>
    <ClCompile Include="Sound.cpp">
      <Filter>Sound</Filter>
    </ClCompile>
    <ClCompile Include="SoundManager.cpp">
      <Filter>Sound</Filter>
    </ClCompile>
    <ClCompile Include="StreamingSound.cpp">
      <Filter>Sound</Filter>
    </ClCompile>
    <ClCompile Include="OggVorbisFile.cpp">
      <Filter>Sound</Filter>
    </ClCompile>
    <ClCompile Include="Input.cpp">
      <Filter>Input</Filter>
    </ClCompile>
    <ClCompile Include="DrawingLine.cpp">
      <Filter>Drawing</Filter>
    </ClCompile>
    <ClCompile Include="DrawingMesh.cpp">
      <Filter>Drawing</Filter>
    </ClCompile>
    <ClCompile Include="OculusRift.cpp" />
    <ClCompile Include="App.cpp" />
    <ClCompile Include="GameObject\ActiveObject.cpp">
      <Filter>GameObject</Filter>
    </ClCompile>
    <ClCompile Include="GameObject\AreaSwitch.cpp">
      <Filter>GameObject</Filter>
    </ClCompile>
    <ClCompile Include="GameObject\Balloon.cpp">
      <Filter>GameObject</Filter>
    </ClCompile>
    <ClCompile Include="GameObject\BaseSwitch.cpp">
      <Filter>GameObject</Filter>
    </ClCompile>
    <ClCompile Include="GameObject\GameObject.cpp">
      <Filter>GameObject</Filter>
    </ClCompile>
    <ClCompile Include="GameObject\Girl.cpp">
      <Filter>GameObject</Filter>
    </ClCompile>
    <ClCompile Include="GameObject\Goal.cpp">
      <Filter>GameObject</Filter>
    </ClCompile>
    <ClCompile Include="GameObject\Ladder.cpp">
      <Filter>GameObject</Filter>
    </ClCompile>
    <ClCompile Include="GameObject\Medal.cpp">
      <Filter>GameObject</Filter>
    </ClCompile>
    <ClCompile Include="GameObject\Missile.cpp">
      <Filter>GameObject</Filter>
    </ClCompile>
    <ClCompile Include="GameObject\Robot.cpp">
      <Filter>GameObject</Filter>
    </ClCompile>
    <ClCompile Include="GameObject\Stone.cpp">
      <Filter>GameObject</Filter>
    </ClCompile>
    <ClCompile Include="GameObject\Switch.cpp">
      <Filter>GameObject</Filter>
    </ClCompile>
    <ClCompile Include="GameObject\TranslationObject.cpp">
      <Filter>GameObject</Filter>
    </ClCompile>
    <ClCompile Include="GameObject\Umbrella.cpp">
      <Filter>GameObject</Filter>
    </ClCompile>
    <ClCompile Include="Scene\CanvasTestScene.cpp">
      <Filter>Scene</Filter>
    </ClCompile>
    <ClCompile Include="Scene\EndingScene.cpp">
      <Filter>Scene</Filter>
    </ClCompile>
    <ClCompile Include="Scene\GamePlayScene.cpp">
      <Filter>Scene</Filter>
    </ClCompile>
    <ClCompile Include="Scene\Scene.cpp">
      <Filter>Scene</Filter>
    </ClCompile>
    <ClCompile Include="Scene\StageSelectScene.cpp">
      <Filter>Scene</Filter>
    </ClCompile>
    <ClCompile Include="Scene\StoryTextScene.cpp">
      <Filter>Scene</Filter>
    </ClCompile>
    <ClCompile Include="Scene\TitleScene.cpp">
      <Filter>Scene</Filter>
    </ClCompile>
    <ClCompile Include="GameObject\Player.cpp">
      <Filter>GameObject</Filter>
    </ClCompile>
    <ClCompile Include="GameMain.cpp" />
    <ClCompile Include="GameObject\Rocket.cpp">
      <Filter>GameObject</Filter>
    </ClCompile>
    <ClCompile Include="ActiveObjectManager.cpp" />
    <ClCompile Include="ActiveObjectPhysics.cpp" />
    <ClCompile Include="Camera.cpp" />
    <ClCompile Include="AnimationPlayer.cpp" />
    <ClCompile Include="GameObject\StaticeObject.cpp">
      <Filter>GameObject</Filter>
    </ClCompile>
    <ClCompile Include="BgSpriteLayer.cpp" />
    <ClCompile Include="GraphicsManager.cpp" />
    <ClCompile Include="FbxFileLoader.cpp" />
    <ClCompile Include="core\graphics\Direct3D11\Direct3D11.cpp">
      <Filter>core\Direct3D11</Filter>
    </ClCompile>
    <ClCompile Include="core\graphics\Direct3D11\Direct3D11Axis.cpp">
      <Filter>core\Direct3D11</Filter>
    </ClCompile>
    <ClCompile Include="core\graphics\Direct3D11\Direct3D11BulletDebugDraw.cpp">
      <Filter>core\Direct3D11</Filter>
    </ClCompile>
    <ClCompile Include="core\graphics\Direct3D11\Direct3D11Effect.cpp">
      <Filter>core\Direct3D11</Filter>
    </ClCompile>
    <ClCompile Include="core\graphics\Direct3D11\Direct3D11EffectPass.cpp">
      <Filter>core\Direct3D11</Filter>
    </ClCompile>
    <ClCompile Include="core\graphics\Direct3D11\Direct3D11EffectTechnique.cpp">
      <Filter>core\Direct3D11</Filter>
    </ClCompile>
    <ClCompile Include="core\graphics\Direct3D11\Direct3D11Fader.cpp">
      <Filter>core\Direct3D11</Filter>
    </ClCompile>
    <ClCompile Include="core\graphics\Direct3D11\Direct3D11GraphicsManager.cpp">
      <Filter>core\Direct3D11</Filter>
    </ClCompile>
    <ClCompile Include="core\graphics\Direct3D11\Direct3D11Material.cpp">
      <Filter>core\Direct3D11</Filter>
    </ClCompile>
    <ClCompile Include="core\graphics\Direct3D11\Direct3D11Mesh.cpp">
      <Filter>core\Direct3D11</Filter>
    </ClCompile>
    <ClCompile Include="core\graphics\Direct3D11\Direct3D11MeshManager.cpp">
      <Filter>core\Direct3D11</Filter>
    </ClCompile>
    <ClCompile Include="core\graphics\Direct3D11\Direct3D11Rectangle.cpp">
      <Filter>core\Direct3D11</Filter>
    </ClCompile>
    <ClCompile Include="core\graphics\Direct3D11\Direct3D11ShadowMap.cpp">
      <Filter>core\Direct3D11</Filter>
    </ClCompile>
    <ClCompile Include="core\graphics\Direct3D11\Direct3D11SkyBox.cpp">
      <Filter>core\Direct3D11</Filter>
    </ClCompile>
    <ClCompile Include="core\graphics\Direct3D11\Direct3D11Sprite.cpp">
      <Filter>core\Direct3D11</Filter>
    </ClCompile>
    <ClCompile Include="core\graphics\Direct3D11\Direct3D11TextureManager.cpp">
      <Filter>core\Direct3D11</Filter>
    </ClCompile>
    <ClCompile Include="core\input\DirectInput\DirectInput.cpp">
      <Filter>core\DirectInput</Filter>
    </ClCompile>
    <ClCompile Include="core\sound\DirectSound\DirectSound.cpp">
      <Filter>core\DirectSound</Filter>
    </ClCompile>
    <ClCompile Include="core\sound\DirectSound\DirectSoundBuffer.cpp">
      <Filter>core\DirectSound</Filter>
    </ClCompile>
    <ClCompile Include="core\graphics\DirectWrite\DirectWriteFontCollectionLoader.cpp">
      <Filter>core\DirectWrite</Filter>
    </ClCompile>
    <ClCompile Include="core\graphics\DirectWrite\DirectWriteFontFileLoader.cpp">
      <Filter>core\DirectWrite</Filter>
    </ClCompile>
    <ClCompile Include="core\graphics\DirectWrite\DirectWrite.cpp">
      <Filter>core\DirectWrite</Filter>
    </ClCompile>
    <ClCompile Include="core\graphics\Direct3D11\WICTextureLoader.cpp">
      <Filter>core\Direct3D11</Filter>
    </ClCompile>
    <ClCompile Include="core\physics\Bullet\BulletPhysics.cpp">
      <Filter>core\Bullet</Filter>
    </ClCompile>
    <ClCompile Include="Scene\DebugScene.cpp">
      <Filter>Scene</Filter>
    </ClCompile>
    <ClCompile Include="core\math\DirectXMath\Color.cpp">
      <Filter>core\math</Filter>
    </ClCompile>
  </ItemGroup>
  <ItemGroup>
    <ClInclude Include="App.h" />
    <ClInclude Include="resource.h" />
    <ClInclude Include="DrawingModelManager.h">
      <Filter>Drawing</Filter>
    </ClInclude>
    <ClInclude Include="DrawingLine.h">
      <Filter>Drawing</Filter>
    </ClInclude>
    <ClInclude Include="DrawingModel.h">
      <Filter>Drawing</Filter>
    </ClInclude>
    <ClInclude Include="StreamingSound.h">
      <Filter>Sound</Filter>
    </ClInclude>
    <ClInclude Include="Sound.h">
      <Filter>Sound</Filter>
    </ClInclude>
    <ClInclude Include="SoundManager.h">
      <Filter>Sound</Filter>
    </ClInclude>
    <ClInclude Include="OggVorbisFile.h">
      <Filter>Sound</Filter>
    </ClInclude>
    <ClInclude Include="Input.h">
      <Filter>Input</Filter>
    </ClInclude>
    <ClInclude Include="DrawingMesh.h">
      <Filter>Drawing</Filter>
    </ClInclude>
    <ClInclude Include="OculusRift.h" />
    <ClInclude Include="GameObject\ActiveObject.h">
      <Filter>GameObject</Filter>
    </ClInclude>
    <ClInclude Include="GameObject\AreaSwitch.h">
      <Filter>GameObject</Filter>
    </ClInclude>
    <ClInclude Include="GameObject\Balloon.h">
      <Filter>GameObject</Filter>
    </ClInclude>
    <ClInclude Include="GameObject\BaseSwitch.h">
      <Filter>GameObject</Filter>
    </ClInclude>
    <ClInclude Include="GameObject\GameObject.h">
      <Filter>GameObject</Filter>
    </ClInclude>
    <ClInclude Include="GameObject\Girl.h">
      <Filter>GameObject</Filter>
    </ClInclude>
    <ClInclude Include="GameObject\Goal.h">
      <Filter>GameObject</Filter>
    </ClInclude>
    <ClInclude Include="GameObject\Ladder.h">
      <Filter>GameObject</Filter>
    </ClInclude>
    <ClInclude Include="GameObject\Medal.h">
      <Filter>GameObject</Filter>
    </ClInclude>
    <ClInclude Include="GameObject\Missile.h">
      <Filter>GameObject</Filter>
    </ClInclude>
    <ClInclude Include="GameObject\Robot.h">
      <Filter>GameObject</Filter>
    </ClInclude>
    <ClInclude Include="GameObject\Stone.h">
      <Filter>GameObject</Filter>
    </ClInclude>
    <ClInclude Include="GameObject\Switch.h">
      <Filter>GameObject</Filter>
    </ClInclude>
    <ClInclude Include="GameObject\TranslationObject.h">
      <Filter>GameObject</Filter>
    </ClInclude>
    <ClInclude Include="GameObject\Umbrella.h">
      <Filter>GameObject</Filter>
    </ClInclude>
    <ClInclude Include="Scene\CanvasTestScene.h">
      <Filter>Scene</Filter>
    </ClInclude>
    <ClInclude Include="Scene\EndingScene.h">
      <Filter>Scene</Filter>
    </ClInclude>
    <ClInclude Include="Scene\GamePlayScene.h">
      <Filter>Scene</Filter>
    </ClInclude>
    <ClInclude Include="Scene\Scene.h">
      <Filter>Scene</Filter>
    </ClInclude>
    <ClInclude Include="Scene\StageSelectScene.h">
      <Filter>Scene</Filter>
    </ClInclude>
    <ClInclude Include="Scene\StoryTextScene.h">
      <Filter>Scene</Filter>
    </ClInclude>
    <ClInclude Include="Scene\TitleScene.h">
      <Filter>Scene</Filter>
    </ClInclude>
    <ClInclude Include="core\type.h">
      <Filter>core</Filter>
    </ClInclude>
    <ClInclude Include="core\math.h">
      <Filter>core</Filter>
    </ClInclude>
    <ClInclude Include="GameObject\Player.h">
      <Filter>GameObject</Filter>
    </ClInclude>
    <ClInclude Include="GameMain.h" />
    <ClInclude Include="GameObject\Rocket.h">
      <Filter>GameObject</Filter>
    </ClInclude>
    <ClInclude Include="ActiveObjectManager.h" />
    <ClInclude Include="ActiveObjectPhysics.h" />
    <ClInclude Include="Camera.h" />
    <ClInclude Include="AnimationChannel.h" />
    <ClInclude Include="AnimationKeyFrame.h" />
    <ClInclude Include="AnimationPlayer.h" />
    <ClInclude Include="Animation.h" />
    <ClInclude Include="GameObject\StaticObject.h">
      <Filter>GameObject</Filter>
    </ClInclude>
    <ClInclude Include="BgSpriteLayer.h" />
    <ClInclude Include="GraphicsManager.h" />
    <ClInclude Include="FbxFileLoader.h" />
    <ClInclude Include="ConstantBuffer.h" />
    <ClInclude Include="core\graphics\Direct3D11\Direct3D11.h">
      <Filter>core\Direct3D11</Filter>
    </ClInclude>
    <ClInclude Include="core\graphics\Direct3D11\Direct3D11Axis.h">
      <Filter>core\Direct3D11</Filter>
    </ClInclude>
    <ClInclude Include="core\graphics\Direct3D11\Direct3D11BulletDebugDraw.h">
      <Filter>core\Direct3D11</Filter>
    </ClInclude>
    <ClInclude Include="core\graphics\Direct3D11\Direct3D11Common.h">
      <Filter>core\Direct3D11</Filter>
    </ClInclude>
    <ClInclude Include="core\graphics\Direct3D11\Direct3D11ConstantBuffer.h">
      <Filter>core\Direct3D11</Filter>
    </ClInclude>
    <ClInclude Include="core\graphics\Direct3D11\Direct3D11Effect.h">
      <Filter>core\Direct3D11</Filter>
    </ClInclude>
    <ClInclude Include="core\graphics\Direct3D11\Direct3D11EffectPass.h">
      <Filter>core\Direct3D11</Filter>
    </ClInclude>
    <ClInclude Include="core\graphics\Direct3D11\Direct3D11EffectTechnique.h">
      <Filter>core\Direct3D11</Filter>
    </ClInclude>
    <ClInclude Include="core\graphics\Direct3D11\Direct3D11Fader.h">
      <Filter>core\Direct3D11</Filter>
    </ClInclude>
    <ClInclude Include="core\graphics\Direct3D11\Direct3D11GraphicsManager.h">
      <Filter>core\Direct3D11</Filter>
    </ClInclude>
    <ClInclude Include="core\graphics\Direct3D11\Direct3D11Material.h">
      <Filter>core\Direct3D11</Filter>
    </ClInclude>
    <ClInclude Include="core\graphics\Direct3D11\Direct3D11Mesh.h">
      <Filter>core\Direct3D11</Filter>
    </ClInclude>
    <ClInclude Include="core\graphics\Direct3D11\Direct3D11MeshManager.h">
      <Filter>core\Direct3D11</Filter>
    </ClInclude>
    <ClInclude Include="core\graphics\Direct3D11\Direct3D11Rectangle.h">
      <Filter>core\Direct3D11</Filter>
    </ClInclude>
    <ClInclude Include="core\graphics\Direct3D11\Direct3D11ShadowMap.h">
      <Filter>core\Direct3D11</Filter>
    </ClInclude>
    <ClInclude Include="core\graphics\Direct3D11\Direct3D11SkyBox.h">
      <Filter>core\Direct3D11</Filter>
    </ClInclude>
    <ClInclude Include="core\graphics\Direct3D11\Direct3D11Sprite.h">
      <Filter>core\Direct3D11</Filter>
    </ClInclude>
    <ClInclude Include="core\graphics\Direct3D11\Direct3D11Texture.h">
      <Filter>core\Direct3D11</Filter>
    </ClInclude>
    <ClInclude Include="core\graphics\Direct3D11\Direct3D11TextureManager.h">
      <Filter>core\Direct3D11</Filter>
    </ClInclude>
    <ClInclude Include="core\graphics\Direct3D11\d3dx11effect.h">
      <Filter>core\Direct3D11</Filter>
    </ClInclude>
    <ClInclude Include="core\input\DirectInput\DirectInput.h">
      <Filter>core\DirectInput</Filter>
    </ClInclude>
    <ClInclude Include="core\sound\DirectSound\DirectSound.h">
      <Filter>core\DirectSound</Filter>
    </ClInclude>
    <ClInclude Include="core\sound\DirectSound\DirectSoundBuffer.h">
      <Filter>core\DirectSound</Filter>
    </ClInclude>
    <ClInclude Include="core\graphics\DirectWrite\DirectWrite.h">
      <Filter>core\DirectWrite</Filter>
    </ClInclude>
    <ClInclude Include="core\graphics\DirectWrite\DirectWriteFontCollectionLoader.h">
      <Filter>core\DirectWrite</Filter>
    </ClInclude>
    <ClInclude Include="core\graphics\DirectWrite\DirectWriteFontFileEnumerator.h">
      <Filter>core\DirectWrite</Filter>
    </ClInclude>
    <ClInclude Include="core\graphics\DirectWrite\DirectWriteFontFileLoader.h">
      <Filter>core\DirectWrite</Filter>
    </ClInclude>
    <ClInclude Include="core\graphics\DirectWrite\DirectWriteFontFileStream.h">
      <Filter>core\DirectWrite</Filter>
    </ClInclude>
    <ClInclude Include="core\graphics\Direct3D11\WICTextureLoader.h">
      <Filter>core\Direct3D11</Filter>
    </ClInclude>
    <ClInclude Include="core\physics\Bullet\BulletPhysics.h">
      <Filter>core\Bullet</Filter>
    </ClInclude>
    <ClInclude Include="core\DirectX.h">
      <Filter>core</Filter>
    </ClInclude>
    <ClInclude Include="ScriptManager.h" />
    <ClInclude Include="Game.h" />
    <ClInclude Include="Scene\DebugScene.h">
      <Filter>Scene</Filter>
    </ClInclude>
    <ClInclude Include="core\math\DirectXMath\Color.h">
      <Filter>core\math</Filter>
    </ClInclude>
    <ClInclude Include="core\math\DirectXMath\Matrix.h">
      <Filter>core\math</Filter>
    </ClInclude>
    <ClInclude Include="core\math\DirectXMath\Vector.h">
      <Filter>core\math</Filter>
    </ClInclude>
    <ClInclude Include="core\math\DirectXMath\Vector3.h">
      <Filter>core\math</Filter>
    </ClInclude>
    <ClInclude Include="core\math\DirectXMath\Vector2.h">
      <Filter>core\math</Filter>
    </ClInclude>
    <ClInclude Include="SkinningAnimation.h" />
    <ClInclude Include="SkinningAnimationSet.h" />
  </ItemGroup>
  <ItemGroup>
    <ResourceCompile Include="blue-sky.rc" />
  </ItemGroup>
  <ItemGroup>
    <None Include="blue-sky.config" />
    <None Include="blye-sky.ico" />
    <None Include="media\stage\2-3.stage">
      <Filter>Stage</Filter>
    </None>
    <None Include="media\stage\2-2.stage">
      <Filter>Stage</Filter>
    </None>
    <None Include="media\stage\2-1.stage">
      <Filter>Stage</Filter>
    </None>
    <None Include="media\stage\2-0.stage">
      <Filter>Stage</Filter>
    </None>
    <None Include="media\stage\1-3.stage">
      <Filter>Stage</Filter>
    </None>
    <None Include="media\stage\1-0.stage">
      <Filter>Stage</Filter>
    </None>
    <None Include="media\stage\0-3.stage">
      <Filter>Stage</Filter>
    </None>
    <None Include="media\stage\0-2.stage">
      <Filter>Stage</Filter>
    </None>
    <None Include="media\stage\0-1.stage">
      <Filter>Stage</Filter>
    </None>
    <None Include="media\stage\0-0.stage">
      <Filter>Stage</Filter>
    </None>
    <None Include="media\stage\1-1.stage">
      <Filter>Stage</Filter>
    </None>
    <None Include="media\stage\1-2.stage">
      <Filter>Stage</Filter>
    </None>
    <None Include="media\stage_ext\staff.stage">
      <Filter>Stage</Filter>
    </None>
    <None Include="media\stage_ext\ext-0.stage">
      <Filter>Stage</Filter>
    </None>
    <None Include="media\stage_ext\ext-1.stage">
      <Filter>Stage</Filter>
    </None>
    <None Include="media\stage_ext\ext-2.stage">
      <Filter>Stage</Filter>
    </None>
    <None Include="media\shader\main.fx">
      <Filter>shader</Filter>
    </None>
    <None Include="media\shader\drawing_line.hlsl">
      <Filter>shader</Filter>
    </None>
    <None Include="media\shader\2d.hlsl">
      <Filter>shader</Filter>
    </None>
    <None Include="media\shader\sky_box.hlsl">
      <Filter>shader</Filter>
    </None>
    <None Include="media\shader\common.hlsl">
      <Filter>shader</Filter>
    </None>
    <None Include="media\shader\ground.hlsl">
      <Filter>shader</Filter>
    </None>
    <None Include="media\shader\debug_axis.hlsl">
      <Filter>shader</Filter>
    </None>
    <None Include="media\shader\debug_bullet.hlsl">
      <Filter>shader</Filter>
    </None>
    <None Include="media\shader\canvas.hlsl">
      <Filter>shader</Filter>
    </None>
    <None Include="media\shader\sprite.hlsl">
      <Filter>shader</Filter>
    </None>
    <None Include="media\shader\shadow_map.hlsl">
      <Filter>shader</Filter>
    </None>
    <None Include="media\shader\billboard.hlsl">
      <Filter>shader</Filter>
    </None>
  </ItemGroup>
  <ItemGroup>
    <Filter Include="Drawing">
      <UniqueIdentifier>{d58a8a69-eed5-4380-a305-29b0e553d17d}</UniqueIdentifier>
    </Filter>
    <Filter Include="Sound">
      <UniqueIdentifier>{512e6d8f-e56b-4c77-aa48-b312db42a82b}</UniqueIdentifier>
    </Filter>
    <Filter Include="Input">
      <UniqueIdentifier>{3306306a-f212-4428-80eb-8d1355e62c22}</UniqueIdentifier>
    </Filter>
    <Filter Include="GameObject">
      <UniqueIdentifier>{6a5beb6c-7027-43c9-8b56-4c6b57c6b71b}</UniqueIdentifier>
    </Filter>
    <Filter Include="Stage">
      <UniqueIdentifier>{c55721b5-afe6-4688-ab8c-511f1dff1ac5}</UniqueIdentifier>
    </Filter>
    <Filter Include="Scene">
      <UniqueIdentifier>{1d357c30-a5d6-4fcb-a582-73566ac2eb55}</UniqueIdentifier>
    </Filter>
    <Filter Include="core">
      <UniqueIdentifier>{c343e3df-2506-45ab-ad83-6d2ad2d3ef12}</UniqueIdentifier>
    </Filter>
    <Filter Include="core\Direct3D11">
      <UniqueIdentifier>{8697b4b7-58ec-402a-8977-96eb2af049ca}</UniqueIdentifier>
    </Filter>
    <Filter Include="core\DirectInput">
      <UniqueIdentifier>{4ae0ef67-2726-447f-9bb4-682d730461bd}</UniqueIdentifier>
    </Filter>
    <Filter Include="core\DirectSound">
      <UniqueIdentifier>{dda2800c-ddab-4892-bc17-a26b440756c4}</UniqueIdentifier>
    </Filter>
    <Filter Include="core\DirectWrite">
      <UniqueIdentifier>{84f027f9-a7a1-40c4-8bbe-0549bc5f6baf}</UniqueIdentifier>
    </Filter>
    <Filter Include="core\Bullet">
      <UniqueIdentifier>{b0f122bc-1ef3-4d7f-9dca-f528879b0c06}</UniqueIdentifier>
    </Filter>
    <Filter Include="shader">
      <UniqueIdentifier>{4fcc5bdb-7666-4a3f-a4b8-33cc3692d47d}</UniqueIdentifier>
    </Filter>
    <Filter Include="core\math">
      <UniqueIdentifier>{41386a86-d0b5-406c-9192-d8ab630babf0}</UniqueIdentifier>
    </Filter>
  </ItemGroup>
</Project>