<?xml version="1.0" encoding="utf-8"?>
<Project ToolsVersion="4.0" xmlns="http://schemas.microsoft.com/developer/msbuild/2003">
  <ItemGroup>
    <ClCompile Include="Main.cpp" />
    <ClCompile Include="Input.cpp">
      <Filter>Input</Filter>
    </ClCompile>
    <ClCompile Include="OculusRift.cpp" />
    <ClCompile Include="App.cpp" />
    <ClCompile Include="GameObject\ActiveObject.cpp">
      <Filter>GameObject</Filter>
    </ClCompile>
    <ClCompile Include="GameObject\AreaSwitch.cpp">
      <Filter>GameObject</Filter>
    </ClCompile>
    <ClCompile Include="GameObject\Balloon.cpp">
      <Filter>GameObject</Filter>
    </ClCompile>
    <ClCompile Include="GameObject\BaseSwitch.cpp">
      <Filter>GameObject</Filter>
    </ClCompile>
    <ClCompile Include="GameObject\GameObject.cpp">
      <Filter>GameObject</Filter>
    </ClCompile>
    <ClCompile Include="GameObject\Girl.cpp">
      <Filter>GameObject</Filter>
    </ClCompile>
    <ClCompile Include="GameObject\Goal.cpp">
      <Filter>GameObject</Filter>
    </ClCompile>
    <ClCompile Include="GameObject\Ladder.cpp">
      <Filter>GameObject</Filter>
    </ClCompile>
    <ClCompile Include="GameObject\Medal.cpp">
      <Filter>GameObject</Filter>
    </ClCompile>
    <ClCompile Include="GameObject\Missile.cpp">
      <Filter>GameObject</Filter>
    </ClCompile>
    <ClCompile Include="GameObject\Robot.cpp">
      <Filter>GameObject</Filter>
    </ClCompile>
    <ClCompile Include="GameObject\Stone.cpp">
      <Filter>GameObject</Filter>
    </ClCompile>
    <ClCompile Include="GameObject\Switch.cpp">
      <Filter>GameObject</Filter>
    </ClCompile>
    <ClCompile Include="GameObject\TranslationObject.cpp">
      <Filter>GameObject</Filter>
    </ClCompile>
    <ClCompile Include="GameObject\Umbrella.cpp">
      <Filter>GameObject</Filter>
    </ClCompile>
    <ClCompile Include="Scene\CanvasTestScene.cpp">
      <Filter>Scene</Filter>
    </ClCompile>
    <ClCompile Include="Scene\EndingScene.cpp">
      <Filter>Scene</Filter>
    </ClCompile>
    <ClCompile Include="Scene\GamePlayScene.cpp">
      <Filter>Scene</Filter>
    </ClCompile>
    <ClCompile Include="Scene\Scene.cpp">
      <Filter>Scene</Filter>
    </ClCompile>
    <ClCompile Include="Scene\StageSelectScene.cpp">
      <Filter>Scene</Filter>
    </ClCompile>
    <ClCompile Include="Scene\StoryTextScene.cpp">
      <Filter>Scene</Filter>
    </ClCompile>
    <ClCompile Include="Scene\TitleScene.cpp">
      <Filter>Scene</Filter>
    </ClCompile>
    <ClCompile Include="GameObject\Player.cpp">
      <Filter>GameObject</Filter>
    </ClCompile>
    <ClCompile Include="GameMain.cpp" />
    <ClCompile Include="GameObject\Rocket.cpp">
      <Filter>GameObject</Filter>
    </ClCompile>
    <ClCompile Include="ActiveObjectManager.cpp" />
    <ClCompile Include="ActiveObjectPhysics.cpp" />
    <ClCompile Include="GameObject\StaticeObject.cpp">
      <Filter>GameObject</Filter>
    </ClCompile>
    <ClCompile Include="core\graphics\Direct3D11\Direct3D11.cpp">
      <Filter>core\graphics\Direct3D11</Filter>
    </ClCompile>
    <ClCompile Include="core\input\DirectInput\DirectInput.cpp">
      <Filter>core\DirectInput</Filter>
    </ClCompile>
    <ClCompile Include="core\sound\DirectSound\DirectSound.cpp">
      <Filter>core\DirectSound</Filter>
    </ClCompile>
    <ClCompile Include="core\sound\DirectSound\DirectSoundBuffer.cpp">
      <Filter>core\DirectSound</Filter>
    </ClCompile>
    <ClCompile Include="core\graphics\Direct3D11\WICTextureLoader.cpp">
      <Filter>core\graphics\Direct3D11</Filter>
    </ClCompile>
    <ClCompile Include="core\physics\Bullet\BulletPhysics.cpp">
      <Filter>core\Bullet</Filter>
    </ClCompile>
    <ClCompile Include="Scene\DebugScene.cpp">
      <Filter>Scene</Filter>
    </ClCompile>
    <ClCompile Include="core\math\DirectXMath\Color.cpp">
      <Filter>core\math\DirectXMath</Filter>
    </ClCompile>
    <ClCompile Include="core\graphics\Direct3D11\EffectTechnique.cpp">
      <Filter>core\graphics\Direct3D11</Filter>
    </ClCompile>
    <ClCompile Include="core\graphics\Direct3D11\Effect.cpp">
      <Filter>core\graphics\Direct3D11</Filter>
    </ClCompile>
    <ClCompile Include="core\graphics\Direct3D11\EffectPass.cpp">
      <Filter>core\graphics\Direct3D11</Filter>
    </ClCompile>
    <ClCompile Include="blue_sky\graphics\Direct3D11\GraphicsManager.cpp">
      <Filter>blue_sky\graphics\Direct3D11</Filter>
    </ClCompile>
    <ClCompile Include="blue_sky\graphics\GraphicsManager.cpp">
      <Filter>blue_sky\graphics</Filter>
    </ClCompile>
    <ClCompile Include="blue_sky\graphics\Mesh.cpp">
      <Filter>blue_sky\graphics</Filter>
    </ClCompile>
    <ClCompile Include="blue_sky\graphics\Line.cpp">
      <Filter>blue_sky\graphics</Filter>
    </ClCompile>
    <ClCompile Include="blue_sky\graphics\Direct3D11\Line.cpp">
      <Filter>blue_sky\graphics\Direct3D11</Filter>
    </ClCompile>
    <ClCompile Include="blue_sky\graphics\Rectangle.cpp">
      <Filter>blue_sky\graphics</Filter>
    </ClCompile>
    <ClCompile Include="blue_sky\graphics\SkyBox.cpp">
      <Filter>blue_sky\graphics</Filter>
    </ClCompile>
    <ClCompile Include="blue_sky\graphics\Fader.cpp">
      <Filter>blue_sky\graphics</Filter>
    </ClCompile>
    <ClCompile Include="blue_sky\graphics\BaseFileLoader.cpp">
      <Filter>blue_sky\graphics\FileLoader</Filter>
    </ClCompile>
    <ClCompile Include="blue_sky\graphics\FbxFileLoader.cpp">
      <Filter>blue_sky\graphics\FileLoader</Filter>
    </ClCompile>
    <ClCompile Include="blue_sky\graphics\ObjFileLoader.cpp">
      <Filter>blue_sky\graphics\FileLoader</Filter>
    </ClCompile>
    <ClCompile Include="blue_sky\graphics\Direct3D11\MeshBuffer.cpp">
      <Filter>blue_sky\graphics\Direct3D11</Filter>
    </ClCompile>
    <ClCompile Include="blue_sky\graphics\Model.cpp">
      <Filter>blue_sky\graphics</Filter>
    </ClCompile>
    <ClCompile Include="blue_sky\graphics\Ground.cpp">
      <Filter>blue_sky\graphics</Filter>
    </ClCompile>
    <ClCompile Include="core\graphics\Direct3D11\ShadowMap.cpp">
      <Filter>core\graphics\Direct3D11</Filter>
    </ClCompile>
    <ClCompile Include="core\math\DirectXMath\Vector.cpp">
      <Filter>core\math\DirectXMath</Filter>
    </ClCompile>
    <ClCompile Include="core\graphics\BgSpriteLayer.cpp">
      <Filter>core\graphics</Filter>
    </ClCompile>
    <ClCompile Include="core\sound\OggVorbisFile.cpp">
      <Filter>core\sound</Filter>
    </ClCompile>
    <ClCompile Include="core\sound\Sound.cpp">
      <Filter>core\sound</Filter>
    </ClCompile>
    <ClCompile Include="core\sound\SoundManager.cpp">
      <Filter>core\sound</Filter>
    </ClCompile>
    <ClCompile Include="core\sound\StreamingSound.cpp">
      <Filter>core\sound</Filter>
    </ClCompile>
    <ClCompile Include="GameObject\Camera.cpp">
      <Filter>GameObject</Filter>
    </ClCompile>
    <ClCompile Include="core\animation\AnimationPlayer.cpp">
      <Filter>core\animation</Filter>
    </ClCompile>
    <ClCompile Include="blue_sky\CityGenerator.cpp">
      <Filter>blue_sky</Filter>
    </ClCompile>
    <ClCompile Include="core\graphics\Direct3D11\Axis.cpp">
      <Filter>core\graphics\Direct3D11</Filter>
    </ClCompile>
    <ClCompile Include="core\graphics\Direct3D11\Sprite.cpp">
      <Filter>core\graphics\Direct3D11</Filter>
    </ClCompile>
    <ClCompile Include="core\graphics\Direct3D11\BulletDebugDraw.cpp">
      <Filter>core\graphics\Direct3D11</Filter>
    </ClCompile>
    <ClCompile Include="core\graphics\DirectWrite\DirectWrite.cpp">
      <Filter>core\graphics\DirectWrite</Filter>
    </ClCompile>
    <ClCompile Include="core\graphics\DirectWrite\DirectWriteFontCollectionLoader.cpp">
      <Filter>core\graphics\DirectWrite</Filter>
    </ClCompile>
    <ClCompile Include="core\graphics\DirectWrite\DirectWriteFontFileLoader.cpp">
      <Filter>core\graphics\DirectWrite</Filter>
    </ClCompile>
    <ClCompile Include="core\graphics\Sprite.cpp">
      <Filter>core\graphics</Filter>
    </ClCompile>
  </ItemGroup>
  <ItemGroup>
    <ClInclude Include="App.h" />
    <ClInclude Include="resource.h" />
    <ClInclude Include="Input.h">
      <Filter>Input</Filter>
    </ClInclude>
    <ClInclude Include="OculusRift.h" />
    <ClInclude Include="GameObject\ActiveObject.h">
      <Filter>GameObject</Filter>
    </ClInclude>
    <ClInclude Include="GameObject\AreaSwitch.h">
      <Filter>GameObject</Filter>
    </ClInclude>
    <ClInclude Include="GameObject\Balloon.h">
      <Filter>GameObject</Filter>
    </ClInclude>
    <ClInclude Include="GameObject\BaseSwitch.h">
      <Filter>GameObject</Filter>
    </ClInclude>
    <ClInclude Include="GameObject\GameObject.h">
      <Filter>GameObject</Filter>
    </ClInclude>
    <ClInclude Include="GameObject\Girl.h">
      <Filter>GameObject</Filter>
    </ClInclude>
    <ClInclude Include="GameObject\Goal.h">
      <Filter>GameObject</Filter>
    </ClInclude>
    <ClInclude Include="GameObject\Ladder.h">
      <Filter>GameObject</Filter>
    </ClInclude>
    <ClInclude Include="GameObject\Medal.h">
      <Filter>GameObject</Filter>
    </ClInclude>
    <ClInclude Include="GameObject\Missile.h">
      <Filter>GameObject</Filter>
    </ClInclude>
    <ClInclude Include="GameObject\Robot.h">
      <Filter>GameObject</Filter>
    </ClInclude>
    <ClInclude Include="GameObject\Stone.h">
      <Filter>GameObject</Filter>
    </ClInclude>
    <ClInclude Include="GameObject\Switch.h">
      <Filter>GameObject</Filter>
    </ClInclude>
    <ClInclude Include="GameObject\TranslationObject.h">
      <Filter>GameObject</Filter>
    </ClInclude>
    <ClInclude Include="GameObject\Umbrella.h">
      <Filter>GameObject</Filter>
    </ClInclude>
    <ClInclude Include="Scene\CanvasTestScene.h">
      <Filter>Scene</Filter>
    </ClInclude>
    <ClInclude Include="Scene\EndingScene.h">
      <Filter>Scene</Filter>
    </ClInclude>
    <ClInclude Include="Scene\GamePlayScene.h">
      <Filter>Scene</Filter>
    </ClInclude>
    <ClInclude Include="Scene\Scene.h">
      <Filter>Scene</Filter>
    </ClInclude>
    <ClInclude Include="Scene\StageSelectScene.h">
      <Filter>Scene</Filter>
    </ClInclude>
    <ClInclude Include="Scene\StoryTextScene.h">
      <Filter>Scene</Filter>
    </ClInclude>
    <ClInclude Include="Scene\TitleScene.h">
      <Filter>Scene</Filter>
    </ClInclude>
    <ClInclude Include="core\type.h">
      <Filter>core</Filter>
    </ClInclude>
    <ClInclude Include="core\math.h">
      <Filter>core</Filter>
    </ClInclude>
    <ClInclude Include="GameObject\Player.h">
      <Filter>GameObject</Filter>
    </ClInclude>
    <ClInclude Include="GameMain.h" />
    <ClInclude Include="GameObject\Rocket.h">
      <Filter>GameObject</Filter>
    </ClInclude>
    <ClInclude Include="ActiveObjectManager.h" />
    <ClInclude Include="ActiveObjectPhysics.h" />
    <ClInclude Include="GameObject\StaticObject.h">
      <Filter>GameObject</Filter>
    </ClInclude>
    <ClInclude Include="core\graphics\Direct3D11\Direct3D11.h">
      <Filter>core\graphics\Direct3D11</Filter>
    </ClInclude>
    <ClInclude Include="core\graphics\Direct3D11\Direct3D11Common.h">
      <Filter>core\graphics\Direct3D11</Filter>
    </ClInclude>
    <ClInclude Include="core\input\DirectInput\DirectInput.h">
      <Filter>core\DirectInput</Filter>
    </ClInclude>
    <ClInclude Include="core\sound\DirectSound\DirectSound.h">
      <Filter>core\DirectSound</Filter>
    </ClInclude>
    <ClInclude Include="core\sound\DirectSound\DirectSoundBuffer.h">
      <Filter>core\DirectSound</Filter>
    </ClInclude>
    <ClInclude Include="core\graphics\Direct3D11\WICTextureLoader.h">
      <Filter>core\graphics\Direct3D11</Filter>
    </ClInclude>
    <ClInclude Include="core\physics\Bullet\BulletPhysics.h">
      <Filter>core\Bullet</Filter>
    </ClInclude>
    <ClInclude Include="core\DirectX.h">
      <Filter>core</Filter>
    </ClInclude>
    <ClInclude Include="ScriptManager.h" />
    <ClInclude Include="Game.h" />
    <ClInclude Include="Scene\DebugScene.h">
      <Filter>Scene</Filter>
    </ClInclude>
    <ClInclude Include="core\math\DirectXMath\Color.h">
      <Filter>core\math\DirectXMath</Filter>
    </ClInclude>
    <ClInclude Include="core\math\DirectXMath\Matrix.h">
      <Filter>core\math\DirectXMath</Filter>
    </ClInclude>
    <ClInclude Include="core\math\DirectXMath\Vector.h">
      <Filter>core\math\DirectXMath</Filter>
    </ClInclude>
    <ClInclude Include="core\math\DirectXMath\Vector3.h">
      <Filter>core\math\DirectXMath</Filter>
    </ClInclude>
    <ClInclude Include="core\math\DirectXMath\Vector2.h">
      <Filter>core\math\DirectXMath</Filter>
    </ClInclude>
    <ClInclude Include="SkinningAnimation.h" />
    <ClInclude Include="SkinningAnimationSet.h" />
    <ClInclude Include="core\graphics\PrimitiveTopology.h">
      <Filter>core\graphics</Filter>
    </ClInclude>
    <ClInclude Include="core\graphics\Direct3D11\PrimitiveTopology.h">
      <Filter>core\graphics\Direct3D11</Filter>
    </ClInclude>
    <ClInclude Include="core\graphics\EffectTechnique.h">
      <Filter>core\graphics</Filter>
    </ClInclude>
    <ClInclude Include="core\graphics\Direct3D11\EffectTechnique.h">
      <Filter>core\graphics\Direct3D11</Filter>
    </ClInclude>
    <ClInclude Include="core\graphics\Direct3D11\Effect.h">
      <Filter>core\graphics\Direct3D11</Filter>
    </ClInclude>
    <ClInclude Include="core\graphics\Direct3D11\EffectPass.h">
      <Filter>core\graphics\Direct3D11</Filter>
    </ClInclude>
    <ClInclude Include="core\graphics\EffectPass.h">
      <Filter>core\graphics</Filter>
    </ClInclude>
    <ClInclude Include="core\graphics\InputLayout.h">
      <Filter>core\graphics</Filter>
    </ClInclude>
    <ClInclude Include="core\graphics\Direct3D11\InputLayout.h">
      <Filter>core\graphics\Direct3D11</Filter>
    </ClInclude>
    <ClInclude Include="blue_sky\graphics\Direct3D11\GraphicsManager.h">
      <Filter>blue_sky\graphics\Direct3D11</Filter>
    </ClInclude>
    <ClInclude Include="blue_sky\graphics\GraphicsManager.h">
      <Filter>blue_sky\graphics</Filter>
    </ClInclude>
    <ClInclude Include="blue_sky\graphics\shader\BaseShader.h">
      <Filter>blue_sky\graphics\shader</Filter>
    </ClInclude>
    <ClInclude Include="blue_sky\graphics\shader\FlatShader.h">
      <Filter>blue_sky\graphics\shader</Filter>
    </ClInclude>
    <ClInclude Include="blue_sky\graphics\shader\BypassShader.h">
      <Filter>blue_sky\graphics\shader</Filter>
    </ClInclude>
    <ClInclude Include="blue_sky\graphics\shader\MatcapShader.h">
      <Filter>blue_sky\graphics\shader</Filter>
    </ClInclude>
    <ClInclude Include="blue_sky\ShaderResources.h">
      <Filter>blue_sky</Filter>
    </ClInclude>
    <ClInclude Include="blue_sky\graphics\Model.h">
      <Filter>blue_sky\graphics</Filter>
    </ClInclude>
    <ClInclude Include="blue_sky\graphics\Mesh.h">
      <Filter>blue_sky\graphics</Filter>
    </ClInclude>
    <ClInclude Include="blue_sky\graphics\Line.h">
      <Filter>blue_sky\graphics</Filter>
    </ClInclude>
    <ClInclude Include="blue_sky\graphics\Direct3D11\Line.h">
      <Filter>blue_sky\graphics\Direct3D11</Filter>
    </ClInclude>
    <ClInclude Include="blue_sky\graphics\Rectangle.h">
      <Filter>blue_sky\graphics</Filter>
    </ClInclude>
    <ClInclude Include="blue_sky\graphics\SkyBox.h">
      <Filter>blue_sky\graphics</Filter>
    </ClInclude>
    <ClInclude Include="blue_sky\graphics\Fader.h">
      <Filter>blue_sky\graphics</Filter>
    </ClInclude>
    <ClInclude Include="blue_sky\graphics\BaseFileLoader.h">
      <Filter>blue_sky\graphics\FileLoader</Filter>
    </ClInclude>
    <ClInclude Include="blue_sky\graphics\FbxFileLoader.h">
      <Filter>blue_sky\graphics\FileLoader</Filter>
    </ClInclude>
    <ClInclude Include="blue_sky\graphics\ObjFileLoader.h">
      <Filter>blue_sky\graphics\FileLoader</Filter>
    </ClInclude>
    <ClInclude Include="blue_sky\graphics\Direct3D11\MeshBuffer.h">
      <Filter>blue_sky\graphics\Direct3D11</Filter>
    </ClInclude>
    <ClInclude Include="blue_sky\graphics\shader\TessellationMatcapShader.h">
      <Filter>blue_sky\graphics\shader</Filter>
    </ClInclude>
    <ClInclude Include="blue_sky\graphics\shader\SkyBoxShader.h">
      <Filter>blue_sky\graphics\shader</Filter>
    </ClInclude>
    <ClInclude Include="blue_sky\graphics\shader\ShadowMapShader.h">
      <Filter>blue_sky\graphics\shader</Filter>
    </ClInclude>
    <ClInclude Include="blue_sky\graphics\shader\GroundShader.h">
      <Filter>blue_sky\graphics\shader</Filter>
    </ClInclude>
    <ClInclude Include="blue_sky\graphics\Ground.h">
      <Filter>blue_sky\graphics</Filter>
    </ClInclude>
    <ClInclude Include="blue_sky\graphics\shader\Flat2DShader.h">
      <Filter>blue_sky\graphics\shader</Filter>
    </ClInclude>
    <ClInclude Include="blue_sky\graphics\shader\FaderShader.h">
      <Filter>blue_sky\graphics\shader</Filter>
    </ClInclude>
    <ClInclude Include="blue_sky\graphics\shader\DebugShadowMapTextureShader.h">
      <Filter>blue_sky\graphics\shader</Filter>
    </ClInclude>
    <ClInclude Include="core\graphics\ShadowMap.h">
      <Filter>core\graphics</Filter>
    </ClInclude>
    <ClInclude Include="core\graphics\Direct3D11\ShaderResource.h">
      <Filter>core\graphics\Direct3D11</Filter>
    </ClInclude>
    <ClInclude Include="core\graphics\ShaderResource.h">
      <Filter>core\graphics</Filter>
    </ClInclude>
    <ClInclude Include="core\graphics\Direct3D11\ShadowMap.h">
      <Filter>core\graphics\Direct3D11</Filter>
    </ClInclude>
    <ClInclude Include="core\math\Bullet\Transform.h">
      <Filter>core\math\Bullet</Filter>
    </ClInclude>
    <ClInclude Include="core\math\Transform.h">
      <Filter>core\math</Filter>
    </ClInclude>
    <ClInclude Include="blue_sky\type.h">
      <Filter>blue_sky</Filter>
    </ClInclude>
    <ClInclude Include="core\math\Bullet\Quaternion.h">
      <Filter>core\math\Bullet</Filter>
    </ClInclude>
    <ClInclude Include="core\math\Quaternion.h">
      <Filter>core\math</Filter>
    </ClInclude>
    <ClInclude Include="core\math\Vector.h">
      <Filter>core\math</Filter>
    </ClInclude>
    <ClInclude Include="core\graphics\BgSpriteLayer.h">
      <Filter>core\graphics</Filter>
    </ClInclude>
    <ClInclude Include="core\sound\OggVorbisFile.h">
      <Filter>core\sound</Filter>
    </ClInclude>
    <ClInclude Include="core\sound\Sound.h">
      <Filter>core\sound</Filter>
    </ClInclude>
    <ClInclude Include="core\sound\SoundManager.h">
      <Filter>core\sound</Filter>
    </ClInclude>
    <ClInclude Include="core\sound\StreamingSound.h">
      <Filter>core\sound</Filter>
    </ClInclude>
    <ClInclude Include="GameObject\Camera.h">
      <Filter>GameObject</Filter>
    </ClInclude>
    <ClInclude Include="core\animation\SkinningAnimation.h">
      <Filter>core\animation</Filter>
    </ClInclude>
    <ClInclude Include="core\animation\SkinningAnimationSet.h">
      <Filter>core\animation</Filter>
    </ClInclude>
    <ClInclude Include="core\animation\AnimationPlayer.h">
      <Filter>core\animation</Filter>
    </ClInclude>
    <ClInclude Include="core\animation\Animation.h">
      <Filter>core\animation</Filter>
    </ClInclude>
    <ClInclude Include="core\animation\AnimationChannel.h">
      <Filter>core\animation</Filter>
    </ClInclude>
    <ClInclude Include="core\animation\AnimationKeyFrame.h">
      <Filter>core\animation</Filter>
    </ClInclude>
    <ClInclude Include="blue_sky\CityGenerator.h">
      <Filter>blue_sky</Filter>
    </ClInclude>
    <ClInclude Include="DynamicPointList.h" />
    <ClInclude Include="blue_sky\graphics\shader\NullShader.h">
      <Filter>blue_sky\graphics\shader</Filter>
    </ClInclude>
    <ClInclude Include="core\graphics\Direct3D11\Axis.h">
      <Filter>core\graphics\Direct3D11</Filter>
    </ClInclude>
    <ClInclude Include="core\graphics\Direct3D11\Sprite.h">
      <Filter>core\graphics\Direct3D11</Filter>
    </ClInclude>
    <ClInclude Include="core\graphics\Direct3D11\BulletDebugDraw.h">
      <Filter>core\graphics\Direct3D11</Filter>
    </ClInclude>
    <ClInclude Include="core\graphics\DirectWrite\DirectWrite.h">
      <Filter>core\graphics\DirectWrite</Filter>
    </ClInclude>
    <ClInclude Include="core\graphics\DirectWrite\DirectWriteFontCollectionLoader.h">
      <Filter>core\graphics\DirectWrite</Filter>
    </ClInclude>
    <ClInclude Include="core\graphics\DirectWrite\DirectWriteFontFileEnumerator.h">
      <Filter>core\graphics\DirectWrite</Filter>
    </ClInclude>
    <ClInclude Include="core\graphics\DirectWrite\DirectWriteFontFileLoader.h">
      <Filter>core\graphics\DirectWrite</Filter>
    </ClInclude>
    <ClInclude Include="core\graphics\DirectWrite\DirectWriteFontFileStream.h">
      <Filter>core\graphics\DirectWrite</Filter>
    </ClInclude>
    <ClInclude Include="core\graphics\Sprite.h">
      <Filter>core\graphics</Filter>
    </ClInclude>
    <ClInclude Include="core\graphics\Direct3D11\Texture.h">
      <Filter>core\graphics\Direct3D11</Filter>
    </ClInclude>
  </ItemGroup>
  <ItemGroup>
    <ResourceCompile Include="blue-sky.rc" />
  </ItemGroup>
  <ItemGroup>
    <None Include="blue-sky.config" />
    <None Include="blye-sky.ico" />
    <None Include="media\stage\2-3.stage">
      <Filter>media\stage</Filter>
    </None>
    <None Include="media\stage\2-2.stage">
      <Filter>media\stage</Filter>
    </None>
    <None Include="media\stage\2-1.stage">
      <Filter>media\stage</Filter>
    </None>
    <None Include="media\stage\2-0.stage">
      <Filter>media\stage</Filter>
    </None>
    <None Include="media\stage\1-3.stage">
      <Filter>media\stage</Filter>
    </None>
    <None Include="media\stage\1-0.stage">
      <Filter>media\stage</Filter>
    </None>
    <None Include="media\stage\0-3.stage">
      <Filter>media\stage</Filter>
    </None>
    <None Include="media\stage\0-2.stage">
      <Filter>media\stage</Filter>
    </None>
    <None Include="media\stage\0-1.stage">
      <Filter>media\stage</Filter>
    </None>
    <None Include="media\stage\0-0.stage">
      <Filter>media\stage</Filter>
    </None>
    <None Include="media\stage\1-1.stage">
      <Filter>media\stage</Filter>
    </None>
    <None Include="media\stage\1-2.stage">
      <Filter>media\stage</Filter>
    </None>
    <None Include="media\stage_ext\staff.stage">
      <Filter>media\stage</Filter>
    </None>
    <None Include="media\stage_ext\ext-0.stage">
      <Filter>media\stage</Filter>
    </None>
    <None Include="media\stage_ext\ext-1.stage">
      <Filter>media\stage</Filter>
    </None>
    <None Include="media\stage_ext\ext-2.stage">
      <Filter>media\stage</Filter>
    </None>
    <None Include="media\shader\main.fx">
      <Filter>media\shader</Filter>
    </None>
    <None Include="media\shader\drawing_line.hlsl">
      <Filter>media\shader</Filter>
    </None>
    <None Include="media\shader\2d.hlsl">
      <Filter>media\shader</Filter>
    </None>
    <None Include="media\shader\sky_box.hlsl">
      <Filter>media\shader</Filter>
    </None>
    <None Include="media\shader\common.hlsl">
      <Filter>media\shader</Filter>
    </None>
    <None Include="media\shader\ground.hlsl">
      <Filter>media\shader</Filter>
    </None>
    <None Include="media\shader\debug_axis.hlsl">
      <Filter>media\shader</Filter>
    </None>
    <None Include="media\shader\debug_bullet.hlsl">
      <Filter>media\shader</Filter>
    </None>
    <None Include="media\shader\canvas.hlsl">
      <Filter>media\shader</Filter>
    </None>
    <None Include="media\shader\sprite.hlsl">
      <Filter>media\shader</Filter>
    </None>
    <None Include="media\shader\shadow_map.hlsl">
      <Filter>media\shader</Filter>
    </None>
    <None Include="media\shader\billboard.hlsl">
      <Filter>media\shader</Filter>
    </None>
    <None Include="media\script\test\clone.lua">
      <Filter>media\script</Filter>
    </None>
    <None Include="media\script\test\init.lua">
      <Filter>media\script</Filter>
    </None>
    <None Include="media\script\test\switch_shader.lua">
      <Filter>media\script</Filter>
    </None>
    <None Include="media\shader\matcap.hlsl">
      <Filter>media\shader</Filter>
    </None>
    <None Include="media\shader\tessellation.hlsl">
      <Filter>media\shader</Filter>
    </None>
    <None Include="media\shader\fader.hlsl">
      <Filter>media\shader</Filter>
    </None>
  </ItemGroup>
  <ItemGroup>
    <Filter Include="Input">
      <UniqueIdentifier>{3306306a-f212-4428-80eb-8d1355e62c22}</UniqueIdentifier>
    </Filter>
    <Filter Include="Scene">
      <UniqueIdentifier>{1d357c30-a5d6-4fcb-a582-73566ac2eb55}</UniqueIdentifier>
    </Filter>
    <Filter Include="core">
      <UniqueIdentifier>{c343e3df-2506-45ab-ad83-6d2ad2d3ef12}</UniqueIdentifier>
    </Filter>
    <Filter Include="core\DirectInput">
      <UniqueIdentifier>{4ae0ef67-2726-447f-9bb4-682d730461bd}</UniqueIdentifier>
    </Filter>
    <Filter Include="core\DirectSound">
      <UniqueIdentifier>{dda2800c-ddab-4892-bc17-a26b440756c4}</UniqueIdentifier>
    </Filter>
    <Filter Include="media">
      <UniqueIdentifier>{b24d6732-297b-4a28-bff0-ac59442e19a1}</UniqueIdentifier>
    </Filter>
    <Filter Include="media\script">
      <UniqueIdentifier>{924cfcf3-aa08-4144-843c-406c8476a4d1}</UniqueIdentifier>
    </Filter>
    <Filter Include="media\shader">
      <UniqueIdentifier>{4fcc5bdb-7666-4a3f-a4b8-33cc3692d47d}</UniqueIdentifier>
    </Filter>
    <Filter Include="media\stage">
      <UniqueIdentifier>{c55721b5-afe6-4688-ab8c-511f1dff1ac5}</UniqueIdentifier>
    </Filter>
    <Filter Include="core\graphics">
      <UniqueIdentifier>{f4bf540f-31d6-4983-a95d-bdff66ad5c1f}</UniqueIdentifier>
    </Filter>
    <Filter Include="core\graphics\Direct3D11">
      <UniqueIdentifier>{8697b4b7-58ec-402a-8977-96eb2af049ca}</UniqueIdentifier>
    </Filter>
    <Filter Include="blue_sky">
      <UniqueIdentifier>{f537d136-cdfa-4a11-8368-82530ae3b718}</UniqueIdentifier>
    </Filter>
    <Filter Include="blue_sky\graphics">
      <UniqueIdentifier>{57933f98-c32c-41af-ba7b-2b6494660374}</UniqueIdentifier>
    </Filter>
    <Filter Include="blue_sky\graphics\Direct3D11">
      <UniqueIdentifier>{c1bbd01d-b5de-4bf4-8fe6-adf2edb9deca}</UniqueIdentifier>
    </Filter>
    <Filter Include="blue_sky\graphics\shader">
      <UniqueIdentifier>{6f16dafe-0a4b-48c1-9a58-12e03be01ca2}</UniqueIdentifier>
    </Filter>
    <Filter Include="blue_sky\graphics\FileLoader">
      <UniqueIdentifier>{3a0c4342-cd36-41d4-ab0e-68f5b559d1e4}</UniqueIdentifier>
    </Filter>
    <Filter Include="core\math">
      <UniqueIdentifier>{500c41b6-e75c-422f-b811-bbd9452141f0}</UniqueIdentifier>
    </Filter>
    <Filter Include="core\math\DirectXMath">
      <UniqueIdentifier>{41386a86-d0b5-406c-9192-d8ab630babf0}</UniqueIdentifier>
    </Filter>
    <Filter Include="core\math\Bullet">
      <UniqueIdentifier>{30e8a0a3-2e2e-419e-a573-223ab7d7855b}</UniqueIdentifier>
    </Filter>
    <Filter Include="GameObject">
      <UniqueIdentifier>{6a5beb6c-7027-43c9-8b56-4c6b57c6b71b}</UniqueIdentifier>
    </Filter>
    <Filter Include="core\sound">
      <UniqueIdentifier>{07fe4788-2e84-4ba2-b5fa-ebfcf2dff01d}</UniqueIdentifier>
    </Filter>
    <Filter Include="core\animation">
      <UniqueIdentifier>{c4980cea-a104-47f5-a58c-22a39dc019bb}</UniqueIdentifier>
    </Filter>
    <Filter Include="core\Bullet">
      <UniqueIdentifier>{b0f122bc-1ef3-4d7f-9dca-f528879b0c06}</UniqueIdentifier>
    </Filter>
    <Filter Include="core\graphics\DirectWrite">
      <UniqueIdentifier>{1fe5994d-3867-407c-98a4-60a267fcc6b9}</UniqueIdentifier>
    </Filter>
  </ItemGroup>
</Project>