
Microsoft Visual Studio Solution File, Format Version 11.00
# Visual C++ Express 2010
Project("{8BC9CEB8-8B4A-11D0-8D11-00A0C91BC942}") = "common", "E:\je\program\lib\c++\common\common.vcxproj", "{71BEB03E-40CE-43D7-9F8D-C8E8DD8952AA}"
EndProject
Project("{8BC9CEB8-8B4A-11D0-8D11-00A0C91BC942}") = "game", "E:\je\program\lib\c++\game\game.vcxproj", "{8FD31BE5-D334-4354-89C9-1DADC7DE6543}"
	ProjectSection(ProjectDependencies) = postProject
		{71BEB03E-40CE-43D7-9F8D-C8E8DD8952AA} = {71BEB03E-40CE-43D7-9F8D-C8E8DD8952AA}
	EndProjectSection
EndProject
Project("{8BC9CEB8-8B4A-11D0-8D11-00A0C91BC942}") = "BulletTest", "BulletTest.vcxproj", "{5DB1FAFC-E068-43A8-84D3-0DA42D464BE5}"
	ProjectSection(ProjectDependencies) = postProject
		{71BEB03E-40CE-43D7-9F8D-C8E8DD8952AA} = {71BEB03E-40CE-43D7-9F8D-C8E8DD8952AA}
		{BD95E740-358A-442B-87CD-4C754058136C} = {BD95E740-358A-442B-87CD-4C754058136C}
		{8FD31BE5-D334-4354-89C9-1DADC7DE6543} = {8FD31BE5-D334-4354-89C9-1DADC7DE6543}
	EndProjectSection
EndProject
Project("{8BC9CEB8-8B4A-11D0-8D11-00A0C91BC942}") = "win", "..\..\..\program\lib\c++\win\win.vcxproj", "{BD95E740-358A-442B-87CD-4C754058136C}"
	ProjectSection(ProjectDependencies) = postProject
		{71BEB03E-40CE-43D7-9F8D-C8E8DD8952AA} = {71BEB03E-40CE-43D7-9F8D-C8E8DD8952AA}
	EndProjectSection
EndProject
Global
	GlobalSection(SolutionConfigurationPlatforms) = preSolution
		Debug|Win32 = Debug|Win32
		Release|Win32 = Release|Win32
	EndGlobalSection
	GlobalSection(ProjectConfigurationPlatforms) = postSolution
		{71BEB03E-40CE-43D7-9F8D-C8E8DD8952AA}.Debug|Win32.ActiveCfg = Debug|Win32
		{71BEB03E-40CE-43D7-9F8D-C8E8DD8952AA}.Debug|Win32.Build.0 = Debug|Win32
		{71BEB03E-40CE-43D7-9F8D-C8E8DD8952AA}.Release|Win32.ActiveCfg = Release|Win32
		{71BEB03E-40CE-43D7-9F8D-C8E8DD8952AA}.Release|Win32.Build.0 = Release|Win32
		{8FD31BE5-D334-4354-89C9-1DADC7DE6543}.Debug|Win32.ActiveCfg = Debug|Win32
		{8FD31BE5-D334-4354-89C9-1DADC7DE6543}.Debug|Win32.Build.0 = Debug|Win32
		{8FD31BE5-D334-4354-89C9-1DADC7DE6543}.Release|Win32.ActiveCfg = Release|Win32
		{8FD31BE5-D334-4354-89C9-1DADC7DE6543}.Release|Win32.Build.0 = Release|Win32
		{5DB1FAFC-E068-43A8-84D3-0DA42D464BE5}.Debug|Win32.ActiveCfg = Debug|Win32
		{5DB1FAFC-E068-43A8-84D3-0DA42D464BE5}.Debug|Win32.Build.0 = Debug|Win32
		{5DB1FAFC-E068-43A8-84D3-0DA42D464BE5}.Release|Win32.ActiveCfg = Release|Win32
		{5DB1FAFC-E068-43A8-84D3-0DA42D464BE5}.Release|Win32.Build.0 = Release|Win32
		{BD95E740-358A-442B-87CD-4C754058136C}.Debug|Win32.ActiveCfg = Debug|Win32
		{BD95E740-358A-442B-87CD-4C754058136C}.Debug|Win32.Build.0 = Debug|Win32
		{BD95E740-358A-442B-87CD-4C754058136C}.Release|Win32.ActiveCfg = Release|Win32
		{BD95E740-358A-442B-87CD-4C754058136C}.Release|Win32.Build.0 = Release|Win32
	EndGlobalSection
	GlobalSection(SolutionProperties) = preSolution
		HideSolutionNode = FALSE
	EndGlobalSection
EndGlobal
