<?xml version="1.0" encoding="utf-8"?>
<Project ToolsVersion="4.0" xmlns="http://schemas.microsoft.com/developer/msbuild/2003">
  <ItemGroup>
    <ClCompile Include="App.cpp" />
    <ClCompile Include="Main.cpp" />
    <ClCompile Include="ActiveObject.cpp">
      <Filter>ActiveObject</Filter>
    </ClCompile>
    <ClCompile Include="Robot.cpp">
      <Filter>ActiveObject</Filter>
    </ClCompile>
    <ClCompile Include="BulletPhysics.cpp">
      <Filter>Bullet</Filter>
    </ClCompile>
    <ClCompile Include="Input.cpp" />
    <ClCompile Include="DrawingModel.cpp" />
    <ClCompile Include="StaticeObject.cpp">
      <Filter>ActiveObject</Filter>
    </ClCompile>
    <ClCompile Include="DrawingLine.cpp" />
    <ClCompile Include="DrawingModelManager.cpp" />
    <ClCompile Include="ActiveObjectManager.cpp">
      <Filter>ActiveObject</Filter>
    </ClCompile>
    <ClCompile Include="ActiveObjectPhysics.cpp">
      <Filter>Bullet</Filter>
    </ClCompile>
    <ClCompile Include="Player.cpp">
      <Filter>ActiveObject</Filter>
    </ClCompile>
    <ClCompile Include="Camera.cpp" />
    <ClCompile Include="vector3.cpp">
      <Filter>math</Filter>
    </ClCompile>
    <ClCompile Include="matrix4x4.cpp">
      <Filter>math</Filter>
    </ClCompile>
    <ClCompile Include="OggVorbisFile.cpp">
      <Filter>Sound</Filter>
    </ClCompile>
    <ClCompile Include="Sound.cpp">
      <Filter>Sound</Filter>
    </ClCompile>
    <ClCompile Include="SoundManager.cpp">
      <Filter>Sound</Filter>
    </ClCompile>
    <ClCompile Include="StreamingSound.cpp">
      <Filter>Sound</Filter>
    </ClCompile>
    <ClCompile Include="Direct3D11.cpp">
      <Filter>DirectX\Direct3D11</Filter>
    </ClCompile>
    <ClCompile Include="Direct3D11BulletDebugDraw.cpp">
      <Filter>DirectX\Direct3D11</Filter>
    </ClCompile>
    <ClCompile Include="Direct3D11ConstantBuffer.cpp">
      <Filter>DirectX\Direct3D11</Filter>
    </ClCompile>
    <ClCompile Include="Direct3D11Mesh.cpp">
      <Filter>DirectX\Direct3D11</Filter>
    </ClCompile>
    <ClCompile Include="Direct3D11MeshManager.cpp">
      <Filter>DirectX\Direct3D11</Filter>
    </ClCompile>
    <ClCompile Include="Direct3D11Rectangle.cpp">
      <Filter>DirectX\Direct3D11</Filter>
    </ClCompile>
    <ClCompile Include="Direct3D11ShadowMap.cpp">
      <Filter>DirectX\Direct3D11</Filter>
    </ClCompile>
    <ClCompile Include="Direct3D11TextureManager.cpp">
      <Filter>DirectX\Direct3D11</Filter>
    </ClCompile>
    <ClCompile Include="DirectWrite.cpp">
      <Filter>DirectX\DirectWrite</Filter>
    </ClCompile>
    <ClCompile Include="DirectSound.cpp">
      <Filter>DirectX\DirectSound</Filter>
    </ClCompile>
    <ClCompile Include="DirectSoundBuffer.cpp">
      <Filter>DirectX\DirectSound</Filter>
    </ClCompile>
    <ClCompile Include="DirectInput.cpp">
      <Filter>DirectX\DirectInput</Filter>
    </ClCompile>
    <ClCompile Include="Direct3D11SkyBox.cpp">
      <Filter>DirectX\Direct3D11</Filter>
    </ClCompile>
    <ClCompile Include="Direct3D11Material.cpp">
      <Filter>DirectX\Direct3D11</Filter>
    </ClCompile>
    <ClCompile Include="GameMain.cpp" />
    <ClCompile Include="Scene.cpp">
      <Filter>Scene</Filter>
    </ClCompile>
    <ClCompile Include="Direct3D11Effect.cpp">
      <Filter>DirectX\Direct3D11</Filter>
    </ClCompile>
    <ClCompile Include="Direct3D11EffectTechnique.cpp">
      <Filter>DirectX\Direct3D11</Filter>
    </ClCompile>
    <ClCompile Include="Direct3D11EffectPass.cpp">
      <Filter>DirectX\Direct3D11</Filter>
    </ClCompile>
    <ClCompile Include="Direct3D11Sprite.cpp">
      <Filter>DirectX\Direct3D11</Filter>
    </ClCompile>
    <ClCompile Include="TitleScene.cpp">
      <Filter>Scene</Filter>
    </ClCompile>
    <ClCompile Include="GamePlayScene.cpp">
      <Filter>Scene</Filter>
    </ClCompile>
    <ClCompile Include="Goal.cpp">
      <Filter>ActiveObject</Filter>
    </ClCompile>
    <ClCompile Include="StageSelectScene.cpp">
      <Filter>Scene</Filter>
    </ClCompile>
    <ClCompile Include="DynamicObject.cpp">
      <Filter>ActiveObject</Filter>
    </ClCompile>
    <ClCompile Include="Balloon.cpp">
      <Filter>ActiveObject</Filter>
    </ClCompile>
  </ItemGroup>
  <ItemGroup>
    <ClInclude Include="App.h" />
    <ClInclude Include="ActiveObject.h">
      <Filter>ActiveObject</Filter>
    </ClInclude>
    <ClInclude Include="Robot.h">
      <Filter>ActiveObject</Filter>
    </ClInclude>
    <ClInclude Include="BulletPhysics.h">
      <Filter>Bullet</Filter>
    </ClInclude>
    <ClInclude Include="Input.h" />
    <ClInclude Include="Game.h" />
    <ClInclude Include="resource.h">
      <Filter>resource</Filter>
    </ClInclude>
    <ClInclude Include="DrawingModel.h" />
    <ClInclude Include="StaticObject.h">
      <Filter>ActiveObject</Filter>
    </ClInclude>
    <ClInclude Include="DrawingLine.h" />
    <ClInclude Include="DrawingModelManager.h" />
    <ClInclude Include="ActiveObjectManager.h">
      <Filter>ActiveObject</Filter>
    </ClInclude>
    <ClInclude Include="type.h" />
    <ClInclude Include="ActiveObjectPhysics.h">
      <Filter>Bullet</Filter>
    </ClInclude>
    <ClInclude Include="Player.h">
      <Filter>ActiveObject</Filter>
    </ClInclude>
    <ClInclude Include="Camera.h" />
    <ClInclude Include="vector3.h">
      <Filter>math</Filter>
    </ClInclude>
    <ClInclude Include="matrix4x4.h">
      <Filter>math</Filter>
    </ClInclude>
    <ClInclude Include="OggVorbisFile.h">
      <Filter>Sound</Filter>
    </ClInclude>
    <ClInclude Include="Sound.h">
      <Filter>Sound</Filter>
    </ClInclude>
    <ClInclude Include="SoundManager.h">
      <Filter>Sound</Filter>
    </ClInclude>
    <ClInclude Include="StreamingSound.h">
      <Filter>Sound</Filter>
    </ClInclude>
    <ClInclude Include="Direct3D11TextureManager.h">
      <Filter>DirectX\Direct3D11</Filter>
    </ClInclude>
    <ClInclude Include="Direct3D11.h">
      <Filter>DirectX\Direct3D11</Filter>
    </ClInclude>
    <ClInclude Include="Direct3D11BulletDebugDraw.h">
      <Filter>DirectX\Direct3D11</Filter>
    </ClInclude>
    <ClInclude Include="Direct3D11ConstantBuffer.h">
      <Filter>DirectX\Direct3D11</Filter>
    </ClInclude>
    <ClInclude Include="Direct3D11Mesh.h">
      <Filter>DirectX\Direct3D11</Filter>
    </ClInclude>
    <ClInclude Include="Direct3D11MeshManager.h">
      <Filter>DirectX\Direct3D11</Filter>
    </ClInclude>
    <ClInclude Include="Direct3D11Rectangle.h">
      <Filter>DirectX\Direct3D11</Filter>
    </ClInclude>
    <ClInclude Include="Direct3D11ShadowMap.h">
      <Filter>DirectX\Direct3D11</Filter>
    </ClInclude>
    <ClInclude Include="DirectWriteFontFileStream.h">
      <Filter>DirectX\DirectWrite</Filter>
    </ClInclude>
    <ClInclude Include="DirectWrite.h">
      <Filter>DirectX\DirectWrite</Filter>
    </ClInclude>
    <ClInclude Include="DirectWriteFontCollectionLoader.h">
      <Filter>DirectX\DirectWrite</Filter>
    </ClInclude>
    <ClInclude Include="DirectWriteFontFileEnumerator.h">
      <Filter>DirectX\DirectWrite</Filter>
    </ClInclude>
    <ClInclude Include="DirectWriteFontFileLoader.h">
      <Filter>DirectX\DirectWrite</Filter>
    </ClInclude>
    <ClInclude Include="DirectSoundBuffer.h">
      <Filter>DirectX\DirectSound</Filter>
    </ClInclude>
    <ClInclude Include="DirectSound.h">
      <Filter>DirectX\DirectSound</Filter>
    </ClInclude>
    <ClInclude Include="DirectInput.h">
      <Filter>DirectX\DirectInput</Filter>
    </ClInclude>
    <ClInclude Include="Direct3D11SkyBox.h">
      <Filter>DirectX\Direct3D11</Filter>
    </ClInclude>
    <ClInclude Include="Direct3D11Material.h">
      <Filter>DirectX\Direct3D11</Filter>
    </ClInclude>
    <ClInclude Include="GameMain.h" />
    <ClInclude Include="StoryTextScene.h">
      <Filter>Scene</Filter>
    </ClInclude>
    <ClInclude Include="TitleScene.h">
      <Filter>Scene</Filter>
    </ClInclude>
    <ClInclude Include="EndingScene.h">
      <Filter>Scene</Filter>
    </ClInclude>
    <ClInclude Include="GamePlayScene.h">
      <Filter>Scene</Filter>
    </ClInclude>
    <ClInclude Include="Scene.h">
      <Filter>Scene</Filter>
    </ClInclude>
    <ClInclude Include="StageSelectScene.h">
      <Filter>Scene</Filter>
    </ClInclude>
    <ClInclude Include="Direct3D11Effect.h">
      <Filter>DirectX\Direct3D11</Filter>
    </ClInclude>
    <ClInclude Include="Direct3D11EffectTechnique.h">
      <Filter>DirectX\Direct3D11</Filter>
    </ClInclude>
    <ClInclude Include="Direct3D11EffectPass.h">
      <Filter>DirectX\Direct3D11</Filter>
    </ClInclude>
    <ClInclude Include="Direct3D11Sprite.h">
      <Filter>DirectX\Direct3D11</Filter>
    </ClInclude>
    <ClInclude Include="DirectX.h">
      <Filter>DirectX</Filter>
    </ClInclude>
    <ClInclude Include="Direct3D11Color.h">
      <Filter>DirectX\Direct3D11</Filter>
    </ClInclude>
    <ClInclude Include="ConstantBuffer.h" />
    <ClInclude Include="Goal.h">
      <Filter>ActiveObject</Filter>
    </ClInclude>
    <ClInclude Include="DynamicObject.h">
      <Filter>ActiveObject</Filter>
    </ClInclude>
    <ClInclude Include="Balloon.h">
      <Filter>ActiveObject</Filter>
    </ClInclude>
  </ItemGroup>
  <ItemGroup>
    <None Include="media\shader\main.fx" />
    <None Include="blye-sky.ico">
      <Filter>resource</Filter>
    </None>
    <None Include="blue-sky.config" />
    <None Include="media\stage\0.stage">
      <Filter>stage</Filter>
    </None>
  </ItemGroup>
  <ItemGroup>
    <Filter Include="ActiveObject">
      <UniqueIdentifier>{e86f5b3a-72d1-4fdf-bfbf-211b035d23fe}</UniqueIdentifier>
    </Filter>
    <Filter Include="DirectX">
      <UniqueIdentifier>{b13b10b6-a9f4-4e3f-9913-c4fb6f8a9a10}</UniqueIdentifier>
    </Filter>
    <Filter Include="Bullet">
      <UniqueIdentifier>{cbffc0bd-0a25-4f5e-b172-a3547513cded}</UniqueIdentifier>
    </Filter>
    <Filter Include="resource">
      <UniqueIdentifier>{aeaa379d-a072-47cd-a182-948d6aced8e8}</UniqueIdentifier>
    </Filter>
    <Filter Include="math">
      <UniqueIdentifier>{1f0b6511-c3a8-4771-92cc-1394abacb156}</UniqueIdentifier>
    </Filter>
    <Filter Include="Sound">
      <UniqueIdentifier>{bc18a28a-72a2-4370-bc67-497cd4fa3dc9}</UniqueIdentifier>
    </Filter>
    <Filter Include="DirectX\Direct3D11">
      <UniqueIdentifier>{1ef62cc7-a6aa-4e47-84ea-a52f8a155508}</UniqueIdentifier>
    </Filter>
    <Filter Include="DirectX\DirectWrite">
      <UniqueIdentifier>{47755e36-11f4-453d-b15d-fbf2a62cb314}</UniqueIdentifier>
    </Filter>
    <Filter Include="DirectX\DirectSound">
      <UniqueIdentifier>{5f378807-e24b-4703-9275-a918503077b5}</UniqueIdentifier>
    </Filter>
    <Filter Include="DirectX\DirectInput">
      <UniqueIdentifier>{0373c118-1ba9-48ac-ae50-70e4353fe825}</UniqueIdentifier>
    </Filter>
    <Filter Include="Scene">
      <UniqueIdentifier>{10ce03e4-864e-4dea-b599-103ee588e478}</UniqueIdentifier>
    </Filter>
    <Filter Include="stage">
      <UniqueIdentifier>{3cbc121b-0d60-4a83-9e5c-4740d20afed4}</UniqueIdentifier>
    </Filter>
  </ItemGroup>
  <ItemGroup>
    <ResourceCompile Include="blue-sky.rc">
      <Filter>resource</Filter>
    </ResourceCompile>
  </ItemGroup>
</Project>